// !$*UTF8*$!
{
	archiveVersion = 1;
	classes = {
	};
	objectVersion = 46;
	objects = {

/* Begin PBXBuildFile section */
		BE5FCCC91A34186F009C8FD9 /* main.swift in Sources */ = {isa = PBXBuildFile; fileRef = BE5FCCC81A34186F009C8FD9 /* main.swift */; };
		BEC4B84D1A4BD7CC000944A3 /* QiitaAPICommon.swift in Sources */ = {isa = PBXBuildFile; fileRef = BEC4B83A1A4BD7CC000944A3 /* QiitaAPICommon.swift */; };
		BEC4B84E1A4BD7CC000944A3 /* QiitaAPIFactory.swift in Sources */ = {isa = PBXBuildFile; fileRef = BEC4B83B1A4BD7CC000944A3 /* QiitaAPIFactory.swift */; };
		BEC4B84F1A4BD7CC000944A3 /* QiitaAPIGetItem.swift in Sources */ = {isa = PBXBuildFile; fileRef = BEC4B83C1A4BD7CC000944A3 /* QiitaAPIGetItem.swift */; };
		BEC4B8501A4BD7CC000944A3 /* QiitaAPIListItem.swift in Sources */ = {isa = PBXBuildFile; fileRef = BEC4B83D1A4BD7CC000944A3 /* QiitaAPIListItem.swift */; };
		BEC4B8511A4BD7CC000944A3 /* QiitaAPIPatchItem.swift in Sources */ = {isa = PBXBuildFile; fileRef = BEC4B83E1A4BD7CC000944A3 /* QiitaAPIPatchItem.swift */; };
		BEC4B8521A4BD7CC000944A3 /* QiitaAPIPostItem.swift in Sources */ = {isa = PBXBuildFile; fileRef = BEC4B83F1A4BD7CC000944A3 /* QiitaAPIPostItem.swift */; };
		BEC4B8531A4BD7CC000944A3 /* QiitaDSCommon.swift in Sources */ = {isa = PBXBuildFile; fileRef = BEC4B8411A4BD7CC000944A3 /* QiitaDSCommon.swift */; };
		BEC4B8541A4BD7CC000944A3 /* QiitaDSGetItem.swift in Sources */ = {isa = PBXBuildFile; fileRef = BEC4B8421A4BD7CC000944A3 /* QiitaDSGetItem.swift */; };
		BEC4B8551A4BD7CC000944A3 /* QiitaDSListItem.swift in Sources */ = {isa = PBXBuildFile; fileRef = BEC4B8431A4BD7CC000944A3 /* QiitaDSListItem.swift */; };
		BEC4B8561A4BD7CC000944A3 /* QiitaDSLocator.swift in Sources */ = {isa = PBXBuildFile; fileRef = BEC4B8441A4BD7CC000944A3 /* QiitaDSLocator.swift */; };
		BEC4B8571A4BD7CC000944A3 /* QiitaDSPatchItem.swift in Sources */ = {isa = PBXBuildFile; fileRef = BEC4B8451A4BD7CC000944A3 /* QiitaDSPatchItem.swift */; };
		BEC4B8581A4BD7CC000944A3 /* QiitaDSPostItem.swift in Sources */ = {isa = PBXBuildFile; fileRef = BEC4B8461A4BD7CC000944A3 /* QiitaDSPostItem.swift */; };
		BEC4B8591A4BD7CC000944A3 /* QiitaCommon.swift in Sources */ = {isa = PBXBuildFile; fileRef = BEC4B8481A4BD7CC000944A3 /* QiitaCommon.swift */; };
		BEC4B85F1A4BD97B000944A3 /* CacheSpike.swift in Sources */ = {isa = PBXBuildFile; fileRef = BEC4B85E1A4BD97B000944A3 /* CacheSpike.swift */; };
		BEC4B8641A4BDAC5000944A3 /* QiitaAPIError.swift in Sources */ = {isa = PBXBuildFile; fileRef = BEC4B8601A4BDAC5000944A3 /* QiitaAPIError.swift */; };
		BEC4B8651A4BDAC5000944A3 /* QiitaItem.swift in Sources */ = {isa = PBXBuildFile; fileRef = BEC4B8611A4BDAC5000944A3 /* QiitaItem.swift */; };
		BEC4B8661A4BDAC5000944A3 /* QiitaTag.swift in Sources */ = {isa = PBXBuildFile; fileRef = BEC4B8621A4BDAC5000944A3 /* QiitaTag.swift */; };
		BEC4B8671A4BDAC5000944A3 /* QiitaUser.swift in Sources */ = {isa = PBXBuildFile; fileRef = BEC4B8631A4BDAC5000944A3 /* QiitaUser.swift */; };
/* End PBXBuildFile section */

/* Begin PBXCopyFilesBuildPhase section */
		BE5FCCC31A34186F009C8FD9 /* CopyFiles */ = {
			isa = PBXCopyFilesBuildPhase;
			buildActionMask = 2147483647;
			dstPath = /usr/share/man/man1/;
			dstSubfolderSpec = 0;
			files = (
			);
			runOnlyForDeploymentPostprocessing = 1;
		};
/* End PBXCopyFilesBuildPhase section */

/* Begin PBXFileReference section */
		BE5FCCC51A34186F009C8FD9 /* APISample */ = {isa = PBXFileReference; explicitFileType = "compiled.mach-o.executable"; includeInIndex = 0; path = APISample; sourceTree = BUILT_PRODUCTS_DIR; };
		BE5FCCC81A34186F009C8FD9 /* main.swift */ = {isa = PBXFileReference; lastKnownFileType = sourcecode.swift; path = main.swift; sourceTree = "<group>"; };
		BEC4B83A1A4BD7CC000944A3 /* QiitaAPICommon.swift */ = {isa = PBXFileReference; fileEncoding = 4; lastKnownFileType = sourcecode.swift; path = QiitaAPICommon.swift; sourceTree = "<group>"; };
		BEC4B83B1A4BD7CC000944A3 /* QiitaAPIFactory.swift */ = {isa = PBXFileReference; fileEncoding = 4; lastKnownFileType = sourcecode.swift; path = QiitaAPIFactory.swift; sourceTree = "<group>"; };
		BEC4B83C1A4BD7CC000944A3 /* QiitaAPIGetItem.swift */ = {isa = PBXFileReference; fileEncoding = 4; lastKnownFileType = sourcecode.swift; path = QiitaAPIGetItem.swift; sourceTree = "<group>"; };
		BEC4B83D1A4BD7CC000944A3 /* QiitaAPIListItem.swift */ = {isa = PBXFileReference; fileEncoding = 4; lastKnownFileType = sourcecode.swift; path = QiitaAPIListItem.swift; sourceTree = "<group>"; };
		BEC4B83E1A4BD7CC000944A3 /* QiitaAPIPatchItem.swift */ = {isa = PBXFileReference; fileEncoding = 4; lastKnownFileType = sourcecode.swift; path = QiitaAPIPatchItem.swift; sourceTree = "<group>"; };
		BEC4B83F1A4BD7CC000944A3 /* QiitaAPIPostItem.swift */ = {isa = PBXFileReference; fileEncoding = 4; lastKnownFileType = sourcecode.swift; path = QiitaAPIPostItem.swift; sourceTree = "<group>"; };
		BEC4B8411A4BD7CC000944A3 /* QiitaDSCommon.swift */ = {isa = PBXFileReference; fileEncoding = 4; lastKnownFileType = sourcecode.swift; path = QiitaDSCommon.swift; sourceTree = "<group>"; };
		BEC4B8421A4BD7CC000944A3 /* QiitaDSGetItem.swift */ = {isa = PBXFileReference; fileEncoding = 4; lastKnownFileType = sourcecode.swift; path = QiitaDSGetItem.swift; sourceTree = "<group>"; };
		BEC4B8431A4BD7CC000944A3 /* QiitaDSListItem.swift */ = {isa = PBXFileReference; fileEncoding = 4; lastKnownFileType = sourcecode.swift; path = QiitaDSListItem.swift; sourceTree = "<group>"; };
		BEC4B8441A4BD7CC000944A3 /* QiitaDSLocator.swift */ = {isa = PBXFileReference; fileEncoding = 4; lastKnownFileType = sourcecode.swift; path = QiitaDSLocator.swift; sourceTree = "<group>"; };
		BEC4B8451A4BD7CC000944A3 /* QiitaDSPatchItem.swift */ = {isa = PBXFileReference; fileEncoding = 4; lastKnownFileType = sourcecode.swift; path = QiitaDSPatchItem.swift; sourceTree = "<group>"; };
		BEC4B8461A4BD7CC000944A3 /* QiitaDSPostItem.swift */ = {isa = PBXFileReference; fileEncoding = 4; lastKnownFileType = sourcecode.swift; path = QiitaDSPostItem.swift; sourceTree = "<group>"; };
		BEC4B8481A4BD7CC000944A3 /* QiitaCommon.swift */ = {isa = PBXFileReference; fileEncoding = 4; lastKnownFileType = sourcecode.swift; path = QiitaCommon.swift; sourceTree = "<group>"; };
		BEC4B85E1A4BD97B000944A3 /* CacheSpike.swift */ = {isa = PBXFileReference; fileEncoding = 4; lastKnownFileType = sourcecode.swift; path = CacheSpike.swift; sourceTree = "<group>"; };
		BEC4B8601A4BDAC5000944A3 /* QiitaAPIError.swift */ = {isa = PBXFileReference; fileEncoding = 4; lastKnownFileType = sourcecode.swift; path = QiitaAPIError.swift; sourceTree = "<group>"; };
		BEC4B8611A4BDAC5000944A3 /* QiitaItem.swift */ = {isa = PBXFileReference; fileEncoding = 4; lastKnownFileType = sourcecode.swift; path = QiitaItem.swift; sourceTree = "<group>"; };
		BEC4B8621A4BDAC5000944A3 /* QiitaTag.swift */ = {isa = PBXFileReference; fileEncoding = 4; lastKnownFileType = sourcecode.swift; path = QiitaTag.swift; sourceTree = "<group>"; };
		BEC4B8631A4BDAC5000944A3 /* QiitaUser.swift */ = {isa = PBXFileReference; fileEncoding = 4; lastKnownFileType = sourcecode.swift; path = QiitaUser.swift; sourceTree = "<group>"; };
/* End PBXFileReference section */

/* Begin PBXFrameworksBuildPhase section */
		BE5FCCC21A34186F009C8FD9 /* Frameworks */ = {
			isa = PBXFrameworksBuildPhase;
			buildActionMask = 2147483647;
			files = (
			);
			runOnlyForDeploymentPostprocessing = 0;
		};
/* End PBXFrameworksBuildPhase section */

/* Begin PBXGroup section */
		BE5FCCBC1A34186F009C8FD9 = {
			isa = PBXGroup;
			children = (
				BE5FCCD11A346ABE009C8FD9 /* OJM */,
				BE5FCCC71A34186F009C8FD9 /* APISample */,
				BE5FCCC61A34186F009C8FD9 /* Products */,
			);
			sourceTree = "<group>";
		};
		BE5FCCC61A34186F009C8FD9 /* Products */ = {
			isa = PBXGroup;
			children = (
				BE5FCCC51A34186F009C8FD9 /* APISample */,
			);
			name = Products;
			sourceTree = "<group>";
		};
		BE5FCCC71A34186F009C8FD9 /* APISample */ = {
			isa = PBXGroup;
			children = (
				BE5FCCC81A34186F009C8FD9 /* main.swift */,
				BEC4B85E1A4BD97B000944A3 /* CacheSpike.swift */,
			);
			path = APISample;
			sourceTree = "<group>";
		};
		BE5FCCD11A346ABE009C8FD9 /* OJM */ = {
			isa = PBXGroup;
			children = (
				BEC4B8391A4BD7CC000944A3 /* api */,
				BEC4B8401A4BD7CC000944A3 /* data_service */,
				BEC4B8471A4BD7CC000944A3 /* entity */,
			);
			path = OJM;
			sourceTree = "<group>";
		};
		BEC4B8391A4BD7CC000944A3 /* api */ = {
			isa = PBXGroup;
			children = (
				BEC4B83A1A4BD7CC000944A3 /* QiitaAPICommon.swift */,
				BEC4B83B1A4BD7CC000944A3 /* QiitaAPIFactory.swift */,
				BEC4B83C1A4BD7CC000944A3 /* QiitaAPIGetItem.swift */,
				BEC4B83D1A4BD7CC000944A3 /* QiitaAPIListItem.swift */,
				BEC4B83E1A4BD7CC000944A3 /* QiitaAPIPatchItem.swift */,
				BEC4B83F1A4BD7CC000944A3 /* QiitaAPIPostItem.swift */,
			);
			path = api;
			sourceTree = "<group>";
		};
		BEC4B8401A4BD7CC000944A3 /* data_service */ = {
			isa = PBXGroup;
			children = (
				BEC4B8411A4BD7CC000944A3 /* QiitaDSCommon.swift */,
				BEC4B8421A4BD7CC000944A3 /* QiitaDSGetItem.swift */,
				BEC4B8431A4BD7CC000944A3 /* QiitaDSListItem.swift */,
				BEC4B8441A4BD7CC000944A3 /* QiitaDSLocator.swift */,
				BEC4B8451A4BD7CC000944A3 /* QiitaDSPatchItem.swift */,
				BEC4B8461A4BD7CC000944A3 /* QiitaDSPostItem.swift */,
			);
			path = data_service;
			sourceTree = "<group>";
		};
		BEC4B8471A4BD7CC000944A3 /* entity */ = {
			isa = PBXGroup;
			children = (
				BEC4B8601A4BDAC5000944A3 /* QiitaAPIError.swift */,
				BEC4B8611A4BDAC5000944A3 /* QiitaItem.swift */,
				BEC4B8621A4BDAC5000944A3 /* QiitaTag.swift */,
				BEC4B8631A4BDAC5000944A3 /* QiitaUser.swift */,
				BEC4B8481A4BD7CC000944A3 /* QiitaCommon.swift */,
			);
			path = entity;
			sourceTree = "<group>";
		};
/* End PBXGroup section */

/* Begin PBXNativeTarget section */
		BE5FCCC41A34186F009C8FD9 /* APISample */ = {
			isa = PBXNativeTarget;
			buildConfigurationList = BE5FCCCC1A34186F009C8FD9 /* Build configuration list for PBXNativeTarget "APISample" */;
			buildPhases = (
				BE5FCCC11A34186F009C8FD9 /* Sources */,
				BE5FCCC21A34186F009C8FD9 /* Frameworks */,
				BE5FCCC31A34186F009C8FD9 /* CopyFiles */,
			);
			buildRules = (
			);
			dependencies = (
			);
			name = APISample;
			productName = APISample;
			productReference = BE5FCCC51A34186F009C8FD9 /* APISample */;
			productType = "com.apple.product-type.tool";
		};
/* End PBXNativeTarget section */

/* Begin PBXProject section */
		BE5FCCBD1A34186F009C8FD9 /* Project object */ = {
			isa = PBXProject;
			attributes = {
				LastUpgradeCheck = 0610;
				ORGANIZATIONNAME = Yumemi;
				TargetAttributes = {
					BE5FCCC41A34186F009C8FD9 = {
						CreatedOnToolsVersion = 6.1.1;
					};
				};
			};
			buildConfigurationList = BE5FCCC01A34186F009C8FD9 /* Build configuration list for PBXProject "APISample" */;
			compatibilityVersion = "Xcode 3.2";
			developmentRegion = English;
			hasScannedForEncodings = 0;
			knownRegions = (
				en,
			);
			mainGroup = BE5FCCBC1A34186F009C8FD9;
			productRefGroup = BE5FCCC61A34186F009C8FD9 /* Products */;
			projectDirPath = "";
			projectRoot = "";
			targets = (
				BE5FCCC41A34186F009C8FD9 /* APISample */,
			);
		};
/* End PBXProject section */

/* Begin PBXSourcesBuildPhase section */
		BE5FCCC11A34186F009C8FD9 /* Sources */ = {
			isa = PBXSourcesBuildPhase;
			buildActionMask = 2147483647;
			files = (
				BEC4B8561A4BD7CC000944A3 /* QiitaDSLocator.swift in Sources */,
				BEC4B84D1A4BD7CC000944A3 /* QiitaAPICommon.swift in Sources */,
				BEC4B84F1A4BD7CC000944A3 /* QiitaAPIGetItem.swift in Sources */,
				BEC4B8591A4BD7CC000944A3 /* QiitaCommon.swift in Sources */,
				BEC4B8551A4BD7CC000944A3 /* QiitaDSListItem.swift in Sources */,
				BEC4B8521A4BD7CC000944A3 /* QiitaAPIPostItem.swift in Sources */,
				BEC4B8581A4BD7CC000944A3 /* QiitaDSPostItem.swift in Sources */,
				BEC4B8671A4BDAC5000944A3 /* QiitaUser.swift in Sources */,
				BEC4B8651A4BDAC5000944A3 /* QiitaItem.swift in Sources */,
				BEC4B8501A4BD7CC000944A3 /* QiitaAPIListItem.swift in Sources */,
				BEC4B8511A4BD7CC000944A3 /* QiitaAPIPatchItem.swift in Sources */,
				BEC4B8571A4BD7CC000944A3 /* QiitaDSPatchItem.swift in Sources */,
				BEC4B8641A4BDAC5000944A3 /* QiitaAPIError.swift in Sources */,
				BEC4B84E1A4BD7CC000944A3 /* QiitaAPIFactory.swift in Sources */,
				BEC4B8661A4BDAC5000944A3 /* QiitaTag.swift in Sources */,
				BEC4B85F1A4BD97B000944A3 /* CacheSpike.swift in Sources */,
				BEC4B8531A4BD7CC000944A3 /* QiitaDSCommon.swift in Sources */,
				BE5FCCC91A34186F009C8FD9 /* main.swift in Sources */,
				BEC4B8541A4BD7CC000944A3 /* QiitaDSGetItem.swift in Sources */,
			);
			runOnlyForDeploymentPostprocessing = 0;
		};
/* End PBXSourcesBuildPhase section */

/* Begin XCBuildConfiguration section */
		BE5FCCCA1A34186F009C8FD9 /* Debug */ = {
			isa = XCBuildConfiguration;
			buildSettings = {
				ALWAYS_SEARCH_USER_PATHS = NO;
				CLANG_CXX_LANGUAGE_STANDARD = "gnu++0x";
				CLANG_CXX_LIBRARY = "libc++";
				CLANG_ENABLE_MODULES = YES;
				CLANG_ENABLE_OBJC_ARC = YES;
				CLANG_WARN_BOOL_CONVERSION = YES;
				CLANG_WARN_CONSTANT_CONVERSION = YES;
				CLANG_WARN_DIRECT_OBJC_ISA_USAGE = YES_ERROR;
				CLANG_WARN_EMPTY_BODY = YES;
				CLANG_WARN_ENUM_CONVERSION = YES;
				CLANG_WARN_INT_CONVERSION = YES;
				CLANG_WARN_OBJC_ROOT_CLASS = YES_ERROR;
				CLANG_WARN_UNREACHABLE_CODE = YES;
				CLANG_WARN__DUPLICATE_METHOD_MATCH = YES;
				COPY_PHASE_STRIP = NO;
				ENABLE_STRICT_OBJC_MSGSEND = YES;
				GCC_C_LANGUAGE_STANDARD = gnu99;
				GCC_DYNAMIC_NO_PIC = NO;
				GCC_OPTIMIZATION_LEVEL = 0;
				GCC_PREPROCESSOR_DEFINITIONS = (
					"DEBUG=1",
					"$(inherited)",
				);
				GCC_SYMBOLS_PRIVATE_EXTERN = NO;
				GCC_WARN_64_TO_32_BIT_CONVERSION = YES;
				GCC_WARN_ABOUT_RETURN_TYPE = YES_ERROR;
				GCC_WARN_UNDECLARED_SELECTOR = YES;
				GCC_WARN_UNINITIALIZED_AUTOS = YES_AGGRESSIVE;
				GCC_WARN_UNUSED_FUNCTION = YES;
				GCC_WARN_UNUSED_VARIABLE = YES;
				MACOSX_DEPLOYMENT_TARGET = 10.10;
				MTL_ENABLE_DEBUG_INFO = YES;
				ONLY_ACTIVE_ARCH = YES;
				SDKROOT = macosx;
				SWIFT_OPTIMIZATION_LEVEL = "-Onone";
			};
			name = Debug;
		};
		BE5FCCCB1A34186F009C8FD9 /* Release */ = {
			isa = XCBuildConfiguration;
			buildSettings = {
				ALWAYS_SEARCH_USER_PATHS = NO;
				CLANG_CXX_LANGUAGE_STANDARD = "gnu++0x";
				CLANG_CXX_LIBRARY = "libc++";
				CLANG_ENABLE_MODULES = YES;
				CLANG_ENABLE_OBJC_ARC = YES;
				CLANG_WARN_BOOL_CONVERSION = YES;
				CLANG_WARN_CONSTANT_CONVERSION = YES;
				CLANG_WARN_DIRECT_OBJC_ISA_USAGE = YES_ERROR;
				CLANG_WARN_EMPTY_BODY = YES;
				CLANG_WARN_ENUM_CONVERSION = YES;
				CLANG_WARN_INT_CONVERSION = YES;
				CLANG_WARN_OBJC_ROOT_CLASS = YES_ERROR;
				CLANG_WARN_UNREACHABLE_CODE = YES;
				CLANG_WARN__DUPLICATE_METHOD_MATCH = YES;
				COPY_PHASE_STRIP = YES;
				DEBUG_INFORMATION_FORMAT = "dwarf-with-dsym";
				ENABLE_NS_ASSERTIONS = NO;
				ENABLE_STRICT_OBJC_MSGSEND = YES;
				GCC_C_LANGUAGE_STANDARD = gnu99;
				GCC_WARN_64_TO_32_BIT_CONVERSION = YES;
				GCC_WARN_ABOUT_RETURN_TYPE = YES_ERROR;
				GCC_WARN_UNDECLARED_SELECTOR = YES;
				GCC_WARN_UNINITIALIZED_AUTOS = YES_AGGRESSIVE;
				GCC_WARN_UNUSED_FUNCTION = YES;
				GCC_WARN_UNUSED_VARIABLE = YES;
				MACOSX_DEPLOYMENT_TARGET = 10.10;
				MTL_ENABLE_DEBUG_INFO = NO;
				SDKROOT = macosx;
			};
			name = Release;
		};
		BE5FCCCD1A34186F009C8FD9 /* Debug */ = {
			isa = XCBuildConfiguration;
			buildSettings = {
				OTHER_SWIFT_FLAGS = "-D DEBUG";
				PRODUCT_NAME = "$(TARGET_NAME)";
			};
			name = Debug;
		};
		BE5FCCCE1A34186F009C8FD9 /* Release */ = {
			isa = XCBuildConfiguration;
			buildSettings = {
				OTHER_SWIFT_FLAGS = "";
				PRODUCT_NAME = "$(TARGET_NAME)";
			};
			name = Release;
		};
/* End XCBuildConfiguration section */

/* Begin XCConfigurationList section */
		BE5FCCC01A34186F009C8FD9 /* Build configuration list for PBXProject "APISample" */ = {
			isa = XCConfigurationList;
			buildConfigurations = (
				BE5FCCCA1A34186F009C8FD9 /* Debug */,
				BE5FCCCB1A34186F009C8FD9 /* Release */,
			);
			defaultConfigurationIsVisible = 0;
			defaultConfigurationName = Release;
		};
		BE5FCCCC1A34186F009C8FD9 /* Build configuration list for PBXNativeTarget "APISample" */ = {
			isa = XCConfigurationList;
			buildConfigurations = (
				BE5FCCCD1A34186F009C8FD9 /* Debug */,
				BE5FCCCE1A34186F009C8FD9 /* Release */,
			);
			defaultConfigurationIsVisible = 0;
			defaultConfigurationName = Release;
		};
/* End XCConfigurationList section */
	};
	rootObject = BE5FCCBD1A34186F009C8FD9 /* Project object */;
}
